
Microsoft Visual Studio Solution File, Format Version 12.00
# Visual Studio Version 17
VisualStudioVersion = 17.2.32210.308
MinimumVisualStudioVersion = 10.0.40219.1
Project("{FAE04EC0-301F-11D3-BF4B-00C04F79EFBC}") = "EFCOREWPF", "EFCOREWPF\EFCOREWPF.csproj", "{F9BD4D42-3076-4365-96B3-AB243131FF11}"
EndProject
Global
	GlobalSection(SolutionConfigurationPlatforms) = preSolution
		Debug|Any CPU = Debug|Any CPU
		Release|Any CPU = Release|Any CPU
	EndGlobalSection
	GlobalSection(ProjectConfigurationPlatforms) = postSolution
		{F9BD4D42-3076-4365-96B3-AB243131FF11}.Debug|Any CPU.ActiveCfg = Debug|Any CPU
		{F9BD4D42-3076-4365-96B3-AB243131FF11}.Debug|Any CPU.Build.0 = Debug|Any CPU
		{F9BD4D42-3076-4365-96B3-AB243131FF11}.Release|Any CPU.ActiveCfg = Release|Any CPU
		{F9BD4D42-3076-4365-96B3-AB243131FF11}.Release|Any CPU.Build.0 = Release|Any CPU
	EndGlobalSection
	GlobalSection(SolutionProperties) = preSolution
		HideSolutionNode = FALSE
	EndGlobalSection
	GlobalSection(ExtensibilityGlobals) = postSolution
		SolutionGuid = {DD790F09-25B1-4AA2-A38E-04851BDB24B6}
	EndGlobalSection
EndGlobal
